{
  "nodes": {
    "flakeNimbleLib": {
      "inputs": {
        "nixpkgs": [
          "nixpkgs"
        ]
      },
      "locked": {
        "lastModified": 1662018438,
        "narHash": "sha256-QtNtU6+LX3Wokxf0zlFwKTFOcn6TeDjKQZ+DA9OYtvM=",
        "owner": "riinr",
        "repo": "nim-flakes-lib",
        "rev": "b1fe8340736e3a85d25c709ac3dfd82a55c03cbf",
        "type": "github"
      },
      "original": {
        "owner": "riinr",
        "ref": "master",
        "repo": "nim-flakes-lib",
        "type": "github"
      }
    },
    "nixpkgs": {
      "locked": {
        "lastModified": 1667199707,
        "narHash": "sha256-I2Js3Y7gUyVSEXPULHlBoRek4Lh85vnevdS6mdvDNLI=",
        "owner": "NixOS",
        "repo": "nixpkgs",
        "rev": "ced197be72099edcfa68ebed8b87af7b04851f45",
        "type": "github"
      },
      "original": {
        "id": "nixpkgs",
        "type": "indirect"
      }
    },
    "root": {
      "inputs": {
        "flakeNimbleLib": "flakeNimbleLib",
        "nixpkgs": "nixpkgs",
        "zigcc-master": "zigcc-master"
      }
    },
    "src-zigcc-master": {
      "flake": false,
      "locked": {
        "lastModified": 1663418727,
        "narHash": "sha256-M7Nj8mKo/h+cSjRYpWu6+N0tLPqIPu54FfkXTBRRn98=",
        "owner": "enthus1ast",
        "repo": "zigcc",
        "rev": "91017c46fffe109a25060c19cf5939095aa2e645",
        "type": "github"
      },
      "original": {
        "owner": "enthus1ast",
        "ref": "refs/heads/master",
        "repo": "zigcc",
        "type": "github"
      }
    },
    "zigcc-master": {
      "inputs": {
        "flakeNimbleLib": [
          "flakeNimbleLib"
        ],
        "nixpkgs": [
          "nixpkgs"
        ],
        "src-zigcc-master": "src-zigcc-master"
      },
      "locked": {
        "dir": "master",
        "lastModified": 1667322819,
        "narHash": "sha256-xLuh/568f4XVCBOnau9lPNhi4hUyW1nyHsyoJeqvrDo=",
        "owner": "nim-nix-pkgs",
        "repo": "zigcc",
        "rev": "a7fd529b3fec139ff2359749f0e1ea3a3db10298",
        "type": "github"
      },
      "original": {
        "dir": "master",
        "owner": "nim-nix-pkgs",
        "ref": "master",
        "repo": "zigcc",
        "type": "github"
      }
    }
  },
  "root": "root",
  "version": 7
}
